
Microsoft Visual Studio Solution File, Format Version 12.00
# Visual Studio 15
VisualStudioVersion = 15.0.28307.1062
MinimumVisualStudioVersion = 10.0.40219.1
Project("{8BC9CEB8-8B4A-11D0-8D11-00A0C91BC942}") = "영웅은절차적", "영웅은절차적\영웅은절차적.vcxproj", "{D61FDC89-93F7-4460-BB48-7A0E7E7594FB}"
EndProject
Global
	GlobalSection(SolutionConfigurationPlatforms) = preSolution
		Debug|x64 = Debug|x64
		Debug|x86 = Debug|x86
		Release|x64 = Release|x64
		Release|x86 = Release|x86
	EndGlobalSection
	GlobalSection(ProjectConfigurationPlatforms) = postSolution
		{D61FDC89-93F7-4460-BB48-7A0E7E7594FB}.Debug|x64.ActiveCfg = Debug|x64
		{D61FDC89-93F7-4460-BB48-7A0E7E7594FB}.Debug|x64.Build.0 = Debug|x64
		{D61FDC89-93F7-4460-BB48-7A0E7E7594FB}.Debug|x86.ActiveCfg = Debug|Win32
		{D61FDC89-93F7-4460-BB48-7A0E7E7594FB}.Debug|x86.Build.0 = Debug|Win32
		{D61FDC89-93F7-4460-BB48-7A0E7E7594FB}.Release|x64.ActiveCfg = Release|x64
		{D61FDC89-93F7-4460-BB48-7A0E7E7594FB}.Release|x64.Build.0 = Release|x64
		{D61FDC89-93F7-4460-BB48-7A0E7E7594FB}.Release|x86.ActiveCfg = Release|Win32
		{D61FDC89-93F7-4460-BB48-7A0E7E7594FB}.Release|x86.Build.0 = Release|Win32
	EndGlobalSection
	GlobalSection(SolutionProperties) = preSolution
		HideSolutionNode = FALSE
	EndGlobalSection
	GlobalSection(ExtensibilityGlobals) = postSolution
		SolutionGuid = {EFCA6574-BEC2-408A-A835-F309AE719618}
	EndGlobalSection
EndGlobal
